
Microsoft Visual Studio Solution File, Format Version 12.00
# Visual Studio Version 17
VisualStudioVersion = 17.14.37314.3 d17.14
MinimumVisualStudioVersion = 10.0.40219.1
Project("{FAE04EC0-301F-11D3-BF4B-00C04F79EFBC}") = "Pry-Sistema-Punto_de_Venta", "Pry-Sistema-Punto_de_Venta.csproj", "{1D0CF437-64D7-4D97-A40F-8CFC70C85156}"
EndProject
Global
	GlobalSection(SolutionConfigurationPlatforms) = preSolution
		Debug|Any CPU = Debug|Any CPU
		Release|Any CPU = Release|Any CPU
	EndGlobalSection
	GlobalSection(ProjectConfigurationPlatforms) = postSolution
		{1D0CF437-64D7-4D97-A40F-8CFC70C85156}.Debug|Any CPU.ActiveCfg = Debug|Any CPU
		{1D0CF437-64D7-4D97-A40F-8CFC70C85156}.Debug|Any CPU.Build.0 = Debug|Any CPU
		{1D0CF437-64D7-4D97-A40F-8CFC70C85156}.Release|Any CPU.ActiveCfg = Release|Any CPU
		{1D0CF437-64D7-4D97-A40F-8CFC70C85156}.Release|Any CPU.Build.0 = Release|Any CPU
	EndGlobalSection
	GlobalSection(SolutionProperties) = preSolution
		HideSolutionNode = FALSE
	EndGlobalSection
	GlobalSection(ExtensibilityGlobals) = postSolution
		SolutionGuid = {87339E70-78CB-4E96-9CD2-E3E76412D05D}
	EndGlobalSection
EndGlobal
